{
  "version": 4,
  "terraform_version": "1.12.1",
  "serial": 18,
  "lineage": "b937891c-3965-c13b-a5c4-49a7a30008be",
  "outputs": {
    "cloud_run_urls": {
      "value": {
        "core_medical": "https://core-medical-service-75l2ychmxa-uc.a.run.app",
        "diagnosis": "https://diagnosis-service-75l2ychmxa-uc.a.run.app",
        "exams": "https://exams-service-75l2ychmxa-uc.a.run.app",
        "surgery": "https://surgery-service-75l2ychmxa-uc.a.run.app"
      },
      "type": [
        "object",
        {
          "core_medical": "string",
          "diagnosis": "string",
          "exams": "string",
          "surgery": "string"
        }
      ]
    },
    "load_balancer_ip": {
      "value": "34.36.102.101",
      "type": "string"
    }
  },
  "resources": [
    {
      "mode": "data",
      "type": "google_cloud_run_service",
      "name": "core_medical",
      "provider": "provider[\"registry.terraform.io/hashicorp/google\"]",
      "instances": [
        {
          "schema_version": 0,
          "attributes": {
            "autogenerate_revision_name": false,
            "id": "locations/us-central1/namespaces/molten-avenue-460900-a0/services/core-medical-service",
            "location": "us-central1",
            "metadata": [
              {
                "annotations": {},
                "effective_annotations": {
                  "run.googleapis.com/client-name": "gcloud",
                  "run.googleapis.com/client-version": "520.0.0",
                  "run.googleapis.com/ingress": "all",
                  "run.googleapis.com/ingress-status": "all",
                  "run.googleapis.com/operation-id": "c9e51279-8fec-470d-b751-655b6b630deb",
                  "run.googleapis.com/urls": "[\"https://core-medical-service-43021834801.us-central1.run.app\",\"https://core-medical-service-75l2ychmxa-uc.a.run.app\"]",
                  "serving.knative.dev/creator": "github-actions@molten-avenue-460900-a0.iam.gserviceaccount.com",
                  "serving.knative.dev/lastModifier": "danielxbolivar@gmail.com"
                },
                "effective_labels": {
                  "cloud.googleapis.com/location": "us-central1"
                },
                "generation": 17,
                "labels": {},
                "namespace": "molten-avenue-460900-a0",
                "resource_version": "AAY18bIhJYc",
                "self_link": "/apis/serving.knative.dev/v1/namespaces/43021834801/services/core-medical-service",
                "terraform_labels": {},
                "uid": "54c3d240-35b8-4c24-80bf-caf536e88dc8"
              }
            ],
            "name": "core-medical-service",
            "project": "molten-avenue-460900-a0",
            "status": [
              {
                "conditions": [
                  {
                    "message": "",
                    "reason": "",
                    "status": "True",
                    "type": "Ready"
                  },
                  {
                    "message": "",
                    "reason": "",
                    "status": "True",
                    "type": "ConfigurationsReady"
                  },
                  {
                    "message": "",
                    "reason": "",
                    "status": "True",
                    "type": "RoutesReady"
                  }
                ],
                "latest_created_revision_name": "core-medical-service-00016-gb2",
                "latest_ready_revision_name": "core-medical-service-00016-gb2",
                "observed_generation": 17,
                "traffic": [
                  {
                    "latest_revision": true,
                    "percent": 100,
                    "revision_name": "core-medical-service-00016-gb2",
                    "tag": "",
                    "url": ""
                  }
                ],
                "url": "https://core-medical-service-75l2ychmxa-uc.a.run.app"
              }
            ],
            "template": [
              {
                "metadata": [
                  {
                    "annotations": {
                      "autoscaling.knative.dev/maxScale": "10",
                      "run.googleapis.com/client-name": "gcloud",
                      "run.googleapis.com/client-version": "523.0.1",
                      "run.googleapis.com/cloudsql-instances": "molten-avenue-460900-a0:us-central1:core-medical-db",
                      "run.googleapis.com/startup-cpu-boost": "true"
                    },
                    "generation": 0,
                    "labels": {
                      "client.knative.dev/nonce": "upjdvlbxxj",
                      "run.googleapis.com/startupProbeType": "Custom"
                    },
                    "name": "",
                    "namespace": "",
                    "resource_version": "",
                    "self_link": "",
                    "uid": ""
                  }
                ],
                "spec": [
                  {
                    "container_concurrency": 80,
                    "containers": [
                      {
                        "args": [],
                        "command": [],
                        "env": [
                          {
                            "name": "ALLOWED_HOSTS",
                            "value": "*",
                            "value_from": []
                          },
                          {
                            "name": "DB_HOST",
                            "value": "/cloudsql/molten-avenue-460900-a0:us-central1:core-medical-db",
                            "value_from": []
                          },
                          {
                            "name": "DB_NAME",
                            "value": "core_medical",
                            "value_from": []
                          },
                          {
                            "name": "DB_PASSWORD",
                            "value": "",
                            "value_from": [
                              {
                                "secret_key_ref": [
                                  {
                                    "key": "latest",
                                    "name": "core-db-password"
                                  }
                                ]
                              }
                            ]
                          },
                          {
                            "name": "DB_USER",
                            "value": "postgres",
                            "value_from": []
                          },
                          {
                            "name": "DEBUG",
                            "value": "False",
                            "value_from": []
                          },
                          {
                            "name": "JWT_SECRET_KEY",
                            "value": "fsSQiTZbVl-Mude05yINch2XyeT2jz3pqrFrhu3Ehic",
                            "value_from": []
                          }
                        ],
                        "env_from": [],
                        "image": "us-central1-docker.pkg.dev/molten-avenue-460900-a0/microservices/core-medical-service:latest",
                        "liveness_probe": [
                          {
                            "failure_threshold": 3,
                            "grpc": [],
                            "http_get": [
                              {
                                "http_headers": [],
                                "path": "/health/live",
                                "port": 8080
                              }
                            ],
                            "initial_delay_seconds": 30,
                            "period_seconds": 30,
                            "timeout_seconds": 5
                          }
                        ],
                        "name": "",
                        "ports": [
                          {
                            "container_port": 8080,
                            "name": "http1",
                            "protocol": ""
                          }
                        ],
                        "resources": [
                          {
                            "limits": {
                              "cpu": "1",
                              "memory": "512Mi"
                            },
                            "requests": {}
                          }
                        ],
                        "startup_probe": [
                          {
                            "failure_threshold": 3,
                            "grpc": [],
                            "http_get": [
                              {
                                "http_headers": [],
                                "path": "/health/ready",
                                "port": 8080
                              }
                            ],
                            "initial_delay_seconds": 10,
                            "period_seconds": 10,
                            "tcp_socket": [],
                            "timeout_seconds": 5
                          }
                        ],
                        "volume_mounts": [],
                        "working_dir": ""
                      }
                    ],
                    "service_account_name": "43021834801-compute@developer.gserviceaccount.com",
                    "serving_state": "",
                    "timeout_seconds": 300,
                    "volumes": []
                  }
                ]
              }
            ],
            "traffic": [
              {
                "latest_revision": true,
                "percent": 100,
                "revision_name": "",
                "tag": "",
                "url": ""
              }
            ]
          },
          "sensitive_attributes": [],
          "identity_schema_version": 0
        }
      ]
    },
    {
      "mode": "data",
      "type": "google_cloud_run_service",
      "name": "diagnosis",
      "provider": "provider[\"registry.terraform.io/hashicorp/google\"]",
      "instances": [
        {
          "schema_version": 0,
          "attributes": {
            "autogenerate_revision_name": false,
            "id": "locations/us-central1/namespaces/molten-avenue-460900-a0/services/diagnosis-service",
            "location": "us-central1",
            "metadata": [
              {
                "annotations": {},
                "effective_annotations": {
                  "run.googleapis.com/client-name": "gcloud",
                  "run.googleapis.com/client-version": "520.0.0",
                  "run.googleapis.com/ingress": "all",
                  "run.googleapis.com/ingress-status": "all",
                  "run.googleapis.com/operation-id": "c066dba8-4a0c-4be0-850b-cc37c0fa69c3",
                  "run.googleapis.com/urls": "[\"https://diagnosis-service-43021834801.us-central1.run.app\",\"https://diagnosis-service-75l2ychmxa-uc.a.run.app\"]",
                  "serving.knative.dev/creator": "github-actions@molten-avenue-460900-a0.iam.gserviceaccount.com",
                  "serving.knative.dev/lastModifier": "danielxbolivar@gmail.com"
                },
                "effective_labels": {
                  "cloud.googleapis.com/location": "us-central1"
                },
                "generation": 17,
                "labels": {},
                "namespace": "molten-avenue-460900-a0",
                "resource_version": "AAY18bhT06o",
                "self_link": "/apis/serving.knative.dev/v1/namespaces/43021834801/services/diagnosis-service",
                "terraform_labels": {},
                "uid": "bcd73f43-027a-468e-a6f2-fa7ed23fc48c"
              }
            ],
            "name": "diagnosis-service",
            "project": "molten-avenue-460900-a0",
            "status": [
              {
                "conditions": [
                  {
                    "message": "",
                    "reason": "",
                    "status": "True",
                    "type": "Ready"
                  },
                  {
                    "message": "",
                    "reason": "",
                    "status": "True",
                    "type": "ConfigurationsReady"
                  },
                  {
                    "message": "",
                    "reason": "",
                    "status": "True",
                    "type": "RoutesReady"
                  }
                ],
                "latest_created_revision_name": "diagnosis-service-00016-79w",
                "latest_ready_revision_name": "diagnosis-service-00016-79w",
                "observed_generation": 17,
                "traffic": [
                  {
                    "latest_revision": true,
                    "percent": 100,
                    "revision_name": "diagnosis-service-00016-79w",
                    "tag": "",
                    "url": ""
                  }
                ],
                "url": "https://diagnosis-service-75l2ychmxa-uc.a.run.app"
              }
            ],
            "template": [
              {
                "metadata": [
                  {
                    "annotations": {
                      "autoscaling.knative.dev/maxScale": "10",
                      "run.googleapis.com/client-name": "gcloud",
                      "run.googleapis.com/client-version": "523.0.1",
                      "run.googleapis.com/cloudsql-instances": "molten-avenue-460900-a0:us-central1:diagnosis-db",
                      "run.googleapis.com/startup-cpu-boost": "true"
                    },
                    "generation": 0,
                    "labels": {
                      "client.knative.dev/nonce": "rnhymkjegc",
                      "run.googleapis.com/startupProbeType": "Custom"
                    },
                    "name": "",
                    "namespace": "",
                    "resource_version": "",
                    "self_link": "",
                    "uid": ""
                  }
                ],
                "spec": [
                  {
                    "container_concurrency": 80,
                    "containers": [
                      {
                        "args": [],
                        "command": [],
                        "env": [
                          {
                            "name": "ALLOWED_HOSTS",
                            "value": "*",
                            "value_from": []
                          },
                          {
                            "name": "DB_HOST",
                            "value": "/cloudsql/molten-avenue-460900-a0:us-central1:diagnosis-db",
                            "value_from": []
                          },
                          {
                            "name": "DB_NAME",
                            "value": "diagnosis_db",
                            "value_from": []
                          },
                          {
                            "name": "DB_PASSWORD",
                            "value": "",
                            "value_from": [
                              {
                                "secret_key_ref": [
                                  {
                                    "key": "latest",
                                    "name": "diagnosis-db-password"
                                  }
                                ]
                              }
                            ]
                          },
                          {
                            "name": "DB_USER",
                            "value": "postgres",
                            "value_from": []
                          },
                          {
                            "name": "DEBUG",
                            "value": "False",
                            "value_from": []
                          },
                          {
                            "name": "JWT_SECRET_KEY",
                            "value": "fsSQiTZbVl-Mude05yINch2XyeT2jz3pqrFrhu3Ehic",
                            "value_from": []
                          }
                        ],
                        "env_from": [],
                        "image": "us-central1-docker.pkg.dev/molten-avenue-460900-a0/microservices/diagnosis-service:latest",
                        "liveness_probe": [
                          {
                            "failure_threshold": 3,
                            "grpc": [],
                            "http_get": [
                              {
                                "http_headers": [],
                                "path": "/health/live",
                                "port": 8080
                              }
                            ],
                            "initial_delay_seconds": 30,
                            "period_seconds": 30,
                            "timeout_seconds": 5
                          }
                        ],
                        "name": "",
                        "ports": [
                          {
                            "container_port": 8080,
                            "name": "http1",
                            "protocol": ""
                          }
                        ],
                        "resources": [
                          {
                            "limits": {
                              "cpu": "1",
                              "memory": "512Mi"
                            },
                            "requests": {}
                          }
                        ],
                        "startup_probe": [
                          {
                            "failure_threshold": 3,
                            "grpc": [],
                            "http_get": [
                              {
                                "http_headers": [],
                                "path": "/health/ready",
                                "port": 8080
                              }
                            ],
                            "initial_delay_seconds": 10,
                            "period_seconds": 10,
                            "tcp_socket": [],
                            "timeout_seconds": 5
                          }
                        ],
                        "volume_mounts": [],
                        "working_dir": ""
                      }
                    ],
                    "service_account_name": "43021834801-compute@developer.gserviceaccount.com",
                    "serving_state": "",
                    "timeout_seconds": 300,
                    "volumes": []
                  }
                ]
              }
            ],
            "traffic": [
              {
                "latest_revision": true,
                "percent": 100,
                "revision_name": "",
                "tag": "",
                "url": ""
              }
            ]
          },
          "sensitive_attributes": [],
          "identity_schema_version": 0
        }
      ]
    },
    {
      "mode": "data",
      "type": "google_cloud_run_service",
      "name": "exams",
      "provider": "provider[\"registry.terraform.io/hashicorp/google\"]",
      "instances": [
        {
          "schema_version": 0,
          "attributes": {
            "autogenerate_revision_name": false,
            "id": "locations/us-central1/namespaces/molten-avenue-460900-a0/services/exams-service",
            "location": "us-central1",
            "metadata": [
              {
                "annotations": {},
                "effective_annotations": {
                  "run.googleapis.com/client-name": "gcloud",
                  "run.googleapis.com/client-version": "520.0.0",
                  "run.googleapis.com/ingress": "all",
                  "run.googleapis.com/ingress-status": "all",
                  "run.googleapis.com/operation-id": "d000876e-5d4c-4562-b79b-b1ff82f72223",
                  "run.googleapis.com/urls": "[\"https://exams-service-43021834801.us-central1.run.app\",\"https://exams-service-75l2ychmxa-uc.a.run.app\"]",
                  "serving.knative.dev/creator": "github-actions@molten-avenue-460900-a0.iam.gserviceaccount.com",
                  "serving.knative.dev/lastModifier": "danielxbolivar@gmail.com"
                },
                "effective_labels": {
                  "cloud.googleapis.com/location": "us-central1"
                },
                "generation": 17,
                "labels": {},
                "namespace": "molten-avenue-460900-a0",
                "resource_version": "AAY18beoOAI",
                "self_link": "/apis/serving.knative.dev/v1/namespaces/43021834801/services/exams-service",
                "terraform_labels": {},
                "uid": "a9bcff39-b6fb-4b42-8c2d-564292b31dd4"
              }
            ],
            "name": "exams-service",
            "project": "molten-avenue-460900-a0",
            "status": [
              {
                "conditions": [
                  {
                    "message": "",
                    "reason": "",
                    "status": "True",
                    "type": "Ready"
                  },
                  {
                    "message": "",
                    "reason": "",
                    "status": "True",
                    "type": "ConfigurationsReady"
                  },
                  {
                    "message": "",
                    "reason": "",
                    "status": "True",
                    "type": "RoutesReady"
                  }
                ],
                "latest_created_revision_name": "exams-service-00016-4bx",
                "latest_ready_revision_name": "exams-service-00016-4bx",
                "observed_generation": 17,
                "traffic": [
                  {
                    "latest_revision": true,
                    "percent": 100,
                    "revision_name": "exams-service-00016-4bx",
                    "tag": "",
                    "url": ""
                  }
                ],
                "url": "https://exams-service-75l2ychmxa-uc.a.run.app"
              }
            ],
            "template": [
              {
                "metadata": [
                  {
                    "annotations": {
                      "autoscaling.knative.dev/maxScale": "10",
                      "run.googleapis.com/client-name": "gcloud",
                      "run.googleapis.com/client-version": "523.0.1",
                      "run.googleapis.com/cloudsql-instances": "molten-avenue-460900-a0:us-central1:exams-db",
                      "run.googleapis.com/startup-cpu-boost": "true"
                    },
                    "generation": 0,
                    "labels": {
                      "client.knative.dev/nonce": "pprsrtfiid",
                      "run.googleapis.com/startupProbeType": "Custom"
                    },
                    "name": "",
                    "namespace": "",
                    "resource_version": "",
                    "self_link": "",
                    "uid": ""
                  }
                ],
                "spec": [
                  {
                    "container_concurrency": 80,
                    "containers": [
                      {
                        "args": [],
                        "command": [],
                        "env": [
                          {
                            "name": "ALLOWED_HOSTS",
                            "value": "*",
                            "value_from": []
                          },
                          {
                            "name": "DB_HOST",
                            "value": "/cloudsql/molten-avenue-460900-a0:us-central1:exams-db",
                            "value_from": []
                          },
                          {
                            "name": "DB_NAME",
                            "value": "exams_db",
                            "value_from": []
                          },
                          {
                            "name": "DB_PASSWORD",
                            "value": "",
                            "value_from": [
                              {
                                "secret_key_ref": [
                                  {
                                    "key": "latest",
                                    "name": "exams-db-password"
                                  }
                                ]
                              }
                            ]
                          },
                          {
                            "name": "DB_USER",
                            "value": "postgres",
                            "value_from": []
                          },
                          {
                            "name": "DEBUG",
                            "value": "False",
                            "value_from": []
                          },
                          {
                            "name": "JWT_SECRET_KEY",
                            "value": "fsSQiTZbVl-Mude05yINch2XyeT2jz3pqrFrhu3Ehic",
                            "value_from": []
                          }
                        ],
                        "env_from": [],
                        "image": "us-central1-docker.pkg.dev/molten-avenue-460900-a0/microservices/exams-service:latest",
                        "liveness_probe": [
                          {
                            "failure_threshold": 3,
                            "grpc": [],
                            "http_get": [
                              {
                                "http_headers": [],
                                "path": "/health/live",
                                "port": 8080
                              }
                            ],
                            "initial_delay_seconds": 30,
                            "period_seconds": 30,
                            "timeout_seconds": 5
                          }
                        ],
                        "name": "",
                        "ports": [
                          {
                            "container_port": 8080,
                            "name": "http1",
                            "protocol": ""
                          }
                        ],
                        "resources": [
                          {
                            "limits": {
                              "cpu": "1",
                              "memory": "512Mi"
                            },
                            "requests": {}
                          }
                        ],
                        "startup_probe": [
                          {
                            "failure_threshold": 3,
                            "grpc": [],
                            "http_get": [
                              {
                                "http_headers": [],
                                "path": "/health/ready",
                                "port": 8080
                              }
                            ],
                            "initial_delay_seconds": 10,
                            "period_seconds": 10,
                            "tcp_socket": [],
                            "timeout_seconds": 5
                          }
                        ],
                        "volume_mounts": [],
                        "working_dir": ""
                      }
                    ],
                    "service_account_name": "43021834801-compute@developer.gserviceaccount.com",
                    "serving_state": "",
                    "timeout_seconds": 300,
                    "volumes": []
                  }
                ]
              }
            ],
            "traffic": [
              {
                "latest_revision": true,
                "percent": 100,
                "revision_name": "",
                "tag": "",
                "url": ""
              }
            ]
          },
          "sensitive_attributes": [],
          "identity_schema_version": 0
        }
      ]
    },
    {
      "mode": "data",
      "type": "google_cloud_run_service",
      "name": "surgery",
      "provider": "provider[\"registry.terraform.io/hashicorp/google\"]",
      "instances": [
        {
          "schema_version": 0,
          "attributes": {
            "autogenerate_revision_name": false,
            "id": "locations/us-central1/namespaces/molten-avenue-460900-a0/services/surgery-service",
            "location": "us-central1",
            "metadata": [
              {
                "annotations": {},
                "effective_annotations": {
                  "run.googleapis.com/client-name": "gcloud",
                  "run.googleapis.com/client-version": "520.0.0",
                  "run.googleapis.com/ingress": "all",
                  "run.googleapis.com/ingress-status": "all",
                  "run.googleapis.com/operation-id": "0ef1c427-0faf-4d4d-844d-420eb66b7f79",
                  "run.googleapis.com/urls": "[\"https://surgery-service-43021834801.us-central1.run.app\",\"https://surgery-service-75l2ychmxa-uc.a.run.app\"]",
                  "serving.knative.dev/creator": "github-actions@molten-avenue-460900-a0.iam.gserviceaccount.com",
                  "serving.knative.dev/lastModifier": "danielxbolivar@gmail.com"
                },
                "effective_labels": {
                  "cloud.googleapis.com/location": "us-central1"
                },
                "generation": 17,
                "labels": {},
                "namespace": "molten-avenue-460900-a0",
                "resource_version": "AAY18biVncA",
                "self_link": "/apis/serving.knative.dev/v1/namespaces/43021834801/services/surgery-service",
                "terraform_labels": {},
                "uid": "be4737a1-e8da-4c58-b5ae-a743e9e7fda5"
              }
            ],
            "name": "surgery-service",
            "project": "molten-avenue-460900-a0",
            "status": [
              {
                "conditions": [
                  {
                    "message": "",
                    "reason": "",
                    "status": "True",
                    "type": "Ready"
                  },
                  {
                    "message": "",
                    "reason": "",
                    "status": "True",
                    "type": "ConfigurationsReady"
                  },
                  {
                    "message": "",
                    "reason": "",
                    "status": "True",
                    "type": "RoutesReady"
                  }
                ],
                "latest_created_revision_name": "surgery-service-00016-xhd",
                "latest_ready_revision_name": "surgery-service-00016-xhd",
                "observed_generation": 17,
                "traffic": [
                  {
                    "latest_revision": true,
                    "percent": 100,
                    "revision_name": "surgery-service-00016-xhd",
                    "tag": "",
                    "url": ""
                  }
                ],
                "url": "https://surgery-service-75l2ychmxa-uc.a.run.app"
              }
            ],
            "template": [
              {
                "metadata": [
                  {
                    "annotations": {
                      "autoscaling.knative.dev/maxScale": "10",
                      "run.googleapis.com/client-name": "gcloud",
                      "run.googleapis.com/client-version": "523.0.1",
                      "run.googleapis.com/cloudsql-instances": "molten-avenue-460900-a0:us-central1:surgery-db",
                      "run.googleapis.com/startup-cpu-boost": "true"
                    },
                    "generation": 0,
                    "labels": {
                      "client.knative.dev/nonce": "pjhnfexkju",
                      "run.googleapis.com/startupProbeType": "Custom"
                    },
                    "name": "",
                    "namespace": "",
                    "resource_version": "",
                    "self_link": "",
                    "uid": ""
                  }
                ],
                "spec": [
                  {
                    "container_concurrency": 80,
                    "containers": [
                      {
                        "args": [],
                        "command": [],
                        "env": [
                          {
                            "name": "ALLOWED_HOSTS",
                            "value": "*",
                            "value_from": []
                          },
                          {
                            "name": "DB_HOST",
                            "value": "/cloudsql/molten-avenue-460900-a0:us-central1:surgery-db",
                            "value_from": []
                          },
                          {
                            "name": "DB_NAME",
                            "value": "surgery_db",
                            "value_from": []
                          },
                          {
                            "name": "DB_PASSWORD",
                            "value": "",
                            "value_from": [
                              {
                                "secret_key_ref": [
                                  {
                                    "key": "latest",
                                    "name": "surgery-db-password"
                                  }
                                ]
                              }
                            ]
                          },
                          {
                            "name": "DB_USER",
                            "value": "postgres",
                            "value_from": []
                          },
                          {
                            "name": "DEBUG",
                            "value": "False",
                            "value_from": []
                          },
                          {
                            "name": "JWT_SECRET_KEY",
                            "value": "fsSQiTZbVl-Mude05yINch2XyeT2jz3pqrFrhu3Ehic",
                            "value_from": []
                          }
                        ],
                        "env_from": [],
                        "image": "us-central1-docker.pkg.dev/molten-avenue-460900-a0/microservices/surgery-service:latest",
                        "liveness_probe": [
                          {
                            "failure_threshold": 3,
                            "grpc": [],
                            "http_get": [
                              {
                                "http_headers": [],
                                "path": "/health/live",
                                "port": 8080
                              }
                            ],
                            "initial_delay_seconds": 30,
                            "period_seconds": 30,
                            "timeout_seconds": 5
                          }
                        ],
                        "name": "",
                        "ports": [
                          {
                            "container_port": 8080,
                            "name": "http1",
                            "protocol": ""
                          }
                        ],
                        "resources": [
                          {
                            "limits": {
                              "cpu": "1",
                              "memory": "512Mi"
                            },
                            "requests": {}
                          }
                        ],
                        "startup_probe": [
                          {
                            "failure_threshold": 3,
                            "grpc": [],
                            "http_get": [
                              {
                                "http_headers": [],
                                "path": "/health/ready",
                                "port": 8080
                              }
                            ],
                            "initial_delay_seconds": 10,
                            "period_seconds": 10,
                            "tcp_socket": [],
                            "timeout_seconds": 5
                          }
                        ],
                        "volume_mounts": [],
                        "working_dir": ""
                      }
                    ],
                    "service_account_name": "43021834801-compute@developer.gserviceaccount.com",
                    "serving_state": "",
                    "timeout_seconds": 300,
                    "volumes": []
                  }
                ]
              }
            ],
            "traffic": [
              {
                "latest_revision": true,
                "percent": 100,
                "revision_name": "",
                "tag": "",
                "url": ""
              }
            ]
          },
          "sensitive_attributes": [],
          "identity_schema_version": 0
        }
      ]
    },
    {
      "mode": "managed",
      "type": "google_compute_backend_service",
      "name": "core_medical_backend",
      "provider": "provider[\"registry.terraform.io/hashicorp/google\"]",
      "instances": [
        {
          "schema_version": 1,
          "attributes": {
            "affinity_cookie_ttl_sec": 0,
            "backend": [
              {
                "balancing_mode": "UTILIZATION",
                "capacity_scaler": 1,
                "description": "",
                "group": "https://www.googleapis.com/compute/v1/projects/molten-avenue-460900-a0/regions/us-central1/networkEndpointGroups/core-medical-neg",
                "max_connections": 0,
                "max_connections_per_endpoint": 0,
                "max_connections_per_instance": 0,
                "max_rate": 0,
                "max_rate_per_endpoint": 0,
                "max_rate_per_instance": 0,
                "max_utilization": 0
              }
            ],
            "cdn_policy": [],
            "circuit_breakers": [],
            "compression_mode": "",
            "connection_draining_timeout_sec": 300,
            "consistent_hash": [],
            "creation_timestamp": "2025-05-25T00:54:30.265-07:00",
            "custom_request_headers": [],
            "custom_response_headers": [],
            "description": "",
            "edge_security_policy": "",
            "enable_cdn": false,
            "fingerprint": "bhJ3ebs362s=",
            "generated_id": 763368600988775001,
            "health_checks": [],
            "iap": [],
            "id": "projects/molten-avenue-460900-a0/global/backendServices/core-medical-backend",
            "load_balancing_scheme": "EXTERNAL_MANAGED",
            "locality_lb_policies": [],
            "locality_lb_policy": "",
            "log_config": [
              {
                "enable": true,
                "sample_rate": 1
              }
            ],
            "name": "core-medical-backend",
            "outlier_detection": [],
            "port_name": "http",
            "project": "molten-avenue-460900-a0",
            "protocol": "HTTP",
            "security_policy": "",
            "security_settings": [],
            "self_link": "https://www.googleapis.com/compute/v1/projects/molten-avenue-460900-a0/global/backendServices/core-medical-backend",
            "service_lb_policy": "",
            "session_affinity": "NONE",
            "timeout_sec": 30,
            "timeouts": null
          },
          "sensitive_attributes": [],
          "identity_schema_version": 0,
          "private": "eyJlMmJmYjczMC1lY2FhLTExZTYtOGY4OC0zNDM2M2JjN2M0YzAiOnsiY3JlYXRlIjoxMjAwMDAwMDAwMDAwLCJkZWxldGUiOjEyMDAwMDAwMDAwMDAsInVwZGF0ZSI6MTIwMDAwMDAwMDAwMH0sInNjaGVtYV92ZXJzaW9uIjoiMSJ9"
        }
      ]
    },
    {
      "mode": "managed",
      "type": "google_compute_backend_service",
      "name": "diagnosis_backend",
      "provider": "provider[\"registry.terraform.io/hashicorp/google\"]",
      "instances": [
        {
          "schema_version": 1,
          "attributes": {
            "affinity_cookie_ttl_sec": 0,
            "backend": [
              {
                "balancing_mode": "UTILIZATION",
                "capacity_scaler": 1,
                "description": "",
                "group": "https://www.googleapis.com/compute/v1/projects/molten-avenue-460900-a0/regions/us-central1/networkEndpointGroups/diagnosis-neg",
                "max_connections": 0,
                "max_connections_per_endpoint": 0,
                "max_connections_per_instance": 0,
                "max_rate": 0,
                "max_rate_per_endpoint": 0,
                "max_rate_per_instance": 0,
                "max_utilization": 0
              }
            ],
            "cdn_policy": [],
            "circuit_breakers": [],
            "compression_mode": "",
            "connection_draining_timeout_sec": 300,
            "consistent_hash": [],
            "creation_timestamp": "2025-05-25T00:54:31.056-07:00",
            "custom_request_headers": [],
            "custom_response_headers": [],
            "description": "",
            "edge_security_policy": "",
            "enable_cdn": false,
            "fingerprint": "URFAuLAFONI=",
            "generated_id": 9031132241507349080,
            "health_checks": [],
            "iap": [],
            "id": "projects/molten-avenue-460900-a0/global/backendServices/diagnosis-backend",
            "load_balancing_scheme": "EXTERNAL_MANAGED",
            "locality_lb_policies": [],
            "locality_lb_policy": "",
            "log_config": [
              {
                "enable": true,
                "sample_rate": 1
              }
            ],
            "name": "diagnosis-backend",
            "outlier_detection": [],
            "port_name": "http",
            "project": "molten-avenue-460900-a0",
            "protocol": "HTTP",
            "security_policy": "",
            "security_settings": [],
            "self_link": "https://www.googleapis.com/compute/v1/projects/molten-avenue-460900-a0/global/backendServices/diagnosis-backend",
            "service_lb_policy": "",
            "session_affinity": "NONE",
            "timeout_sec": 30,
            "timeouts": null
          },
          "sensitive_attributes": [],
          "identity_schema_version": 0,
          "private": "eyJlMmJmYjczMC1lY2FhLTExZTYtOGY4OC0zNDM2M2JjN2M0YzAiOnsiY3JlYXRlIjoxMjAwMDAwMDAwMDAwLCJkZWxldGUiOjEyMDAwMDAwMDAwMDAsInVwZGF0ZSI6MTIwMDAwMDAwMDAwMH0sInNjaGVtYV92ZXJzaW9uIjoiMSJ9"
        }
      ]
    },
    {
      "mode": "managed",
      "type": "google_compute_backend_service",
      "name": "exams_backend",
      "provider": "provider[\"registry.terraform.io/hashicorp/google\"]",
      "instances": [
        {
          "schema_version": 1,
          "attributes": {
            "affinity_cookie_ttl_sec": 0,
            "backend": [
              {
                "balancing_mode": "UTILIZATION",
                "capacity_scaler": 1,
                "description": "",
                "group": "https://www.googleapis.com/compute/v1/projects/molten-avenue-460900-a0/regions/us-central1/networkEndpointGroups/exams-neg",
                "max_connections": 0,
                "max_connections_per_endpoint": 0,
                "max_connections_per_instance": 0,
                "max_rate": 0,
                "max_rate_per_endpoint": 0,
                "max_rate_per_instance": 0,
                "max_utilization": 0
              }
            ],
            "cdn_policy": [],
            "circuit_breakers": [],
            "compression_mode": "",
            "connection_draining_timeout_sec": 300,
            "consistent_hash": [],
            "creation_timestamp": "2025-05-25T00:54:29.625-07:00",
            "custom_request_headers": [],
            "custom_response_headers": [],
            "description": "",
            "edge_security_policy": "",
            "enable_cdn": false,
            "fingerprint": "WsSkGgoS0MY=",
            "generated_id": 7892438632112288346,
            "health_checks": [],
            "iap": [],
            "id": "projects/molten-avenue-460900-a0/global/backendServices/exams-backend",
            "load_balancing_scheme": "EXTERNAL_MANAGED",
            "locality_lb_policies": [],
            "locality_lb_policy": "",
            "log_config": [
              {
                "enable": true,
                "sample_rate": 1
              }
            ],
            "name": "exams-backend",
            "outlier_detection": [],
            "port_name": "http",
            "project": "molten-avenue-460900-a0",
            "protocol": "HTTP",
            "security_policy": "",
            "security_settings": [],
            "self_link": "https://www.googleapis.com/compute/v1/projects/molten-avenue-460900-a0/global/backendServices/exams-backend",
            "service_lb_policy": "",
            "session_affinity": "NONE",
            "timeout_sec": 30,
            "timeouts": null
          },
          "sensitive_attributes": [],
          "identity_schema_version": 0,
          "private": "eyJlMmJmYjczMC1lY2FhLTExZTYtOGY4OC0zNDM2M2JjN2M0YzAiOnsiY3JlYXRlIjoxMjAwMDAwMDAwMDAwLCJkZWxldGUiOjEyMDAwMDAwMDAwMDAsInVwZGF0ZSI6MTIwMDAwMDAwMDAwMH0sInNjaGVtYV92ZXJzaW9uIjoiMSJ9"
        }
      ]
    },
    {
      "mode": "managed",
      "type": "google_compute_backend_service",
      "name": "surgery_backend",
      "provider": "provider[\"registry.terraform.io/hashicorp/google\"]",
      "instances": [
        {
          "schema_version": 1,
          "attributes": {
            "affinity_cookie_ttl_sec": 0,
            "backend": [
              {
                "balancing_mode": "UTILIZATION",
                "capacity_scaler": 1,
                "description": "",
                "group": "https://www.googleapis.com/compute/v1/projects/molten-avenue-460900-a0/regions/us-central1/networkEndpointGroups/surgery-neg",
                "max_connections": 0,
                "max_connections_per_endpoint": 0,
                "max_connections_per_instance": 0,
                "max_rate": 0,
                "max_rate_per_endpoint": 0,
                "max_rate_per_instance": 0,
                "max_utilization": 0
              }
            ],
            "cdn_policy": [],
            "circuit_breakers": [],
            "compression_mode": "",
            "connection_draining_timeout_sec": 300,
            "consistent_hash": [],
            "creation_timestamp": "2025-05-25T00:54:29.953-07:00",
            "custom_request_headers": [],
            "custom_response_headers": [],
            "description": "",
            "edge_security_policy": "",
            "enable_cdn": false,
            "fingerprint": "_98sTSUeAvs=",
            "generated_id": 3994769499053060698,
            "health_checks": [],
            "iap": [],
            "id": "projects/molten-avenue-460900-a0/global/backendServices/surgery-backend",
            "load_balancing_scheme": "EXTERNAL_MANAGED",
            "locality_lb_policies": [],
            "locality_lb_policy": "",
            "log_config": [
              {
                "enable": true,
                "sample_rate": 1
              }
            ],
            "name": "surgery-backend",
            "outlier_detection": [],
            "port_name": "http",
            "project": "molten-avenue-460900-a0",
            "protocol": "HTTP",
            "security_policy": "",
            "security_settings": [],
            "self_link": "https://www.googleapis.com/compute/v1/projects/molten-avenue-460900-a0/global/backendServices/surgery-backend",
            "service_lb_policy": "",
            "session_affinity": "NONE",
            "timeout_sec": 30,
            "timeouts": null
          },
          "sensitive_attributes": [],
          "identity_schema_version": 0,
          "private": "eyJlMmJmYjczMC1lY2FhLTExZTYtOGY4OC0zNDM2M2JjN2M0YzAiOnsiY3JlYXRlIjoxMjAwMDAwMDAwMDAwLCJkZWxldGUiOjEyMDAwMDAwMDAwMDAsInVwZGF0ZSI6MTIwMDAwMDAwMDAwMH0sInNjaGVtYV92ZXJzaW9uIjoiMSJ9"
        }
      ]
    },
    {
      "mode": "managed",
      "type": "google_compute_global_address",
      "name": "lb_ip",
      "provider": "provider[\"registry.terraform.io/hashicorp/google\"]",
      "instances": [
        {
          "schema_version": 0,
          "attributes": {
            "address": "34.36.102.101",
            "address_type": "EXTERNAL",
            "creation_timestamp": "2025-05-25T00:20:09.299-07:00",
            "description": "",
            "effective_labels": {},
            "id": "projects/molten-avenue-460900-a0/global/addresses/medical-lb-ip",
            "ip_version": "",
            "label_fingerprint": "42WmSpB8rSM=",
            "labels": {},
            "name": "medical-lb-ip",
            "network": "",
            "prefix_length": 0,
            "project": "molten-avenue-460900-a0",
            "purpose": "",
            "self_link": "https://www.googleapis.com/compute/v1/projects/molten-avenue-460900-a0/global/addresses/medical-lb-ip",
            "terraform_labels": {},
            "timeouts": null
          },
          "sensitive_attributes": [],
          "identity_schema_version": 0,
          "private": "eyJlMmJmYjczMC1lY2FhLTExZTYtOGY4OC0zNDM2M2JjN2M0YzAiOnsiY3JlYXRlIjoxMjAwMDAwMDAwMDAwLCJkZWxldGUiOjEyMDAwMDAwMDAwMDAsInVwZGF0ZSI6MTIwMDAwMDAwMDAwMH0sInNjaGVtYV92ZXJzaW9uIjoiMCJ9"
        }
      ]
    },
    {
      "mode": "managed",
      "type": "google_compute_global_forwarding_rule",
      "name": "http_forwarding_rule",
      "provider": "provider[\"registry.terraform.io/hashicorp/google\"]",
      "instances": [
        {
          "schema_version": 0,
          "attributes": {
            "base_forwarding_rule": "",
            "description": "",
            "effective_labels": {},
            "id": "projects/molten-avenue-460900-a0/global/forwardingRules/medical-http-forwarding-rule",
            "ip_address": "34.36.102.101",
            "ip_protocol": "TCP",
            "ip_version": "",
            "label_fingerprint": "42WmSpB8rSM=",
            "labels": {},
            "load_balancing_scheme": "EXTERNAL",
            "metadata_filters": [],
            "name": "medical-http-forwarding-rule",
            "network": "",
            "no_automate_dns_zone": null,
            "port_range": "80-80",
            "project": "molten-avenue-460900-a0",
            "psc_connection_id": "",
            "psc_connection_status": "",
            "self_link": "https://www.googleapis.com/compute/v1/projects/molten-avenue-460900-a0/global/forwardingRules/medical-http-forwarding-rule",
            "service_directory_registrations": [],
            "source_ip_ranges": [],
            "subnetwork": "",
            "target": "https://www.googleapis.com/compute/v1/projects/molten-avenue-460900-a0/global/targetHttpProxies/medical-http-proxy",
            "terraform_labels": {},
            "timeouts": null
          },
          "sensitive_attributes": [],
          "identity_schema_version": 0,
          "private": "eyJlMmJmYjczMC1lY2FhLTExZTYtOGY4OC0zNDM2M2JjN2M0YzAiOnsiY3JlYXRlIjoxMjAwMDAwMDAwMDAwLCJkZWxldGUiOjEyMDAwMDAwMDAwMDAsInVwZGF0ZSI6MTIwMDAwMDAwMDAwMH0sInNjaGVtYV92ZXJzaW9uIjoiMCJ9"
        }
      ]
    },
    {
      "mode": "managed",
      "type": "google_compute_region_network_endpoint_group",
      "name": "core_medical_neg",
      "provider": "provider[\"registry.terraform.io/hashicorp/google\"]",
      "instances": [
        {
          "schema_version": 0,
          "attributes": {
            "app_engine": [],
            "cloud_function": [],
            "cloud_run": [
              {
                "service": "core-medical-service",
                "tag": "",
                "url_mask": ""
              }
            ],
            "description": "",
            "id": "projects/molten-avenue-460900-a0/regions/us-central1/networkEndpointGroups/core-medical-neg",
            "name": "core-medical-neg",
            "network": "",
            "network_endpoint_type": "SERVERLESS",
            "project": "molten-avenue-460900-a0",
            "psc_target_service": "",
            "region": "https://www.googleapis.com/compute/v1/projects/molten-avenue-460900-a0/regions/us-central1",
            "self_link": "https://www.googleapis.com/compute/v1/projects/molten-avenue-460900-a0/regions/us-central1/networkEndpointGroups/core-medical-neg",
            "subnetwork": "",
            "timeouts": null
          },
          "sensitive_attributes": [],
          "identity_schema_version": 0,
          "private": "eyJlMmJmYjczMC1lY2FhLTExZTYtOGY4OC0zNDM2M2JjN2M0YzAiOnsiY3JlYXRlIjoxMjAwMDAwMDAwMDAwLCJkZWxldGUiOjEyMDAwMDAwMDAwMDB9LCJzY2hlbWFfdmVyc2lvbiI6IjAifQ=="
        }
      ]
    },
    {
      "mode": "managed",
      "type": "google_compute_region_network_endpoint_group",
      "name": "diagnosis_neg",
      "provider": "provider[\"registry.terraform.io/hashicorp/google\"]",
      "instances": [
        {
          "schema_version": 0,
          "attributes": {
            "app_engine": [],
            "cloud_function": [],
            "cloud_run": [
              {
                "service": "diagnosis-service",
                "tag": "",
                "url_mask": ""
              }
            ],
            "description": "",
            "id": "projects/molten-avenue-460900-a0/regions/us-central1/networkEndpointGroups/diagnosis-neg",
            "name": "diagnosis-neg",
            "network": "",
            "network_endpoint_type": "SERVERLESS",
            "project": "molten-avenue-460900-a0",
            "psc_target_service": "",
            "region": "https://www.googleapis.com/compute/v1/projects/molten-avenue-460900-a0/regions/us-central1",
            "self_link": "https://www.googleapis.com/compute/v1/projects/molten-avenue-460900-a0/regions/us-central1/networkEndpointGroups/diagnosis-neg",
            "subnetwork": "",
            "timeouts": null
          },
          "sensitive_attributes": [],
          "identity_schema_version": 0,
          "private": "eyJlMmJmYjczMC1lY2FhLTExZTYtOGY4OC0zNDM2M2JjN2M0YzAiOnsiY3JlYXRlIjoxMjAwMDAwMDAwMDAwLCJkZWxldGUiOjEyMDAwMDAwMDAwMDB9LCJzY2hlbWFfdmVyc2lvbiI6IjAifQ=="
        }
      ]
    },
    {
      "mode": "managed",
      "type": "google_compute_region_network_endpoint_group",
      "name": "exams_neg",
      "provider": "provider[\"registry.terraform.io/hashicorp/google\"]",
      "instances": [
        {
          "schema_version": 0,
          "attributes": {
            "app_engine": [],
            "cloud_function": [],
            "cloud_run": [
              {
                "service": "exams-service",
                "tag": "",
                "url_mask": ""
              }
            ],
            "description": "",
            "id": "projects/molten-avenue-460900-a0/regions/us-central1/networkEndpointGroups/exams-neg",
            "name": "exams-neg",
            "network": "",
            "network_endpoint_type": "SERVERLESS",
            "project": "molten-avenue-460900-a0",
            "psc_target_service": "",
            "region": "https://www.googleapis.com/compute/v1/projects/molten-avenue-460900-a0/regions/us-central1",
            "self_link": "https://www.googleapis.com/compute/v1/projects/molten-avenue-460900-a0/regions/us-central1/networkEndpointGroups/exams-neg",
            "subnetwork": "",
            "timeouts": null
          },
          "sensitive_attributes": [],
          "identity_schema_version": 0,
          "private": "eyJlMmJmYjczMC1lY2FhLTExZTYtOGY4OC0zNDM2M2JjN2M0YzAiOnsiY3JlYXRlIjoxMjAwMDAwMDAwMDAwLCJkZWxldGUiOjEyMDAwMDAwMDAwMDB9LCJzY2hlbWFfdmVyc2lvbiI6IjAifQ=="
        }
      ]
    },
    {
      "mode": "managed",
      "type": "google_compute_region_network_endpoint_group",
      "name": "surgery_neg",
      "provider": "provider[\"registry.terraform.io/hashicorp/google\"]",
      "instances": [
        {
          "schema_version": 0,
          "attributes": {
            "app_engine": [],
            "cloud_function": [],
            "cloud_run": [
              {
                "service": "surgery-service",
                "tag": "",
                "url_mask": ""
              }
            ],
            "description": "",
            "id": "projects/molten-avenue-460900-a0/regions/us-central1/networkEndpointGroups/surgery-neg",
            "name": "surgery-neg",
            "network": "",
            "network_endpoint_type": "SERVERLESS",
            "project": "molten-avenue-460900-a0",
            "psc_target_service": "",
            "region": "https://www.googleapis.com/compute/v1/projects/molten-avenue-460900-a0/regions/us-central1",
            "self_link": "https://www.googleapis.com/compute/v1/projects/molten-avenue-460900-a0/regions/us-central1/networkEndpointGroups/surgery-neg",
            "subnetwork": "",
            "timeouts": null
          },
          "sensitive_attributes": [],
          "identity_schema_version": 0,
          "private": "eyJlMmJmYjczMC1lY2FhLTExZTYtOGY4OC0zNDM2M2JjN2M0YzAiOnsiY3JlYXRlIjoxMjAwMDAwMDAwMDAwLCJkZWxldGUiOjEyMDAwMDAwMDAwMDB9LCJzY2hlbWFfdmVyc2lvbiI6IjAifQ=="
        }
      ]
    },
    {
      "mode": "managed",
      "type": "google_compute_target_http_proxy",
      "name": "http_proxy",
      "provider": "provider[\"registry.terraform.io/hashicorp/google\"]",
      "instances": [
        {
          "schema_version": 0,
          "attributes": {
            "creation_timestamp": "2025-05-25T00:20:20.420-07:00",
            "description": "",
            "http_keep_alive_timeout_sec": 0,
            "id": "projects/molten-avenue-460900-a0/global/targetHttpProxies/medical-http-proxy",
            "name": "medical-http-proxy",
            "project": "molten-avenue-460900-a0",
            "proxy_bind": false,
            "proxy_id": 13511776903592539,
            "self_link": "https://www.googleapis.com/compute/v1/projects/molten-avenue-460900-a0/global/targetHttpProxies/medical-http-proxy",
            "timeouts": null,
            "url_map": "https://www.googleapis.com/compute/v1/projects/molten-avenue-460900-a0/global/urlMaps/medical-api-gateway"
          },
          "sensitive_attributes": [],
          "identity_schema_version": 0,
          "private": "eyJlMmJmYjczMC1lY2FhLTExZTYtOGY4OC0zNDM2M2JjN2M0YzAiOnsiY3JlYXRlIjoxMjAwMDAwMDAwMDAwLCJkZWxldGUiOjEyMDAwMDAwMDAwMDAsInVwZGF0ZSI6MTIwMDAwMDAwMDAwMH0sInNjaGVtYV92ZXJzaW9uIjoiMCJ9"
        }
      ]
    },
    {
      "mode": "managed",
      "type": "google_compute_url_map",
      "name": "api_gateway",
      "provider": "provider[\"registry.terraform.io/hashicorp/google\"]",
      "instances": [
        {
          "schema_version": 0,
          "attributes": {
            "creation_timestamp": "2025-05-25T00:55:45.180-07:00",
            "default_route_action": [],
            "default_service": "https://www.googleapis.com/compute/v1/projects/molten-avenue-460900-a0/global/backendServices/core-medical-backend",
            "default_url_redirect": [],
            "description": "Load balancer for medical microservices",
            "fingerprint": "7bzsP2zRrMk=",
            "header_action": [],
            "host_rule": [
              {
                "description": "",
                "hosts": [
                  "*"
                ],
                "path_matcher": "core-medical-matcher"
              }
            ],
            "id": "projects/molten-avenue-460900-a0/global/urlMaps/medical-api-gateway",
            "map_id": 5174554684066591727,
            "name": "medical-api-gateway",
            "path_matcher": [
              {
                "default_route_action": [],
                "default_service": "https://www.googleapis.com/compute/v1/projects/molten-avenue-460900-a0/global/backendServices/core-medical-backend",
                "default_url_redirect": [],
                "description": "",
                "header_action": [],
                "name": "core-medical-matcher",
                "path_rule": [
                  {
                    "paths": [
                      "/accounts/*",
                      "/admin",
                      "/admin/*",
                      "/api/consultations/*",
                      "/api/patients/*",
                      "/auth/*"
                    ],
                    "route_action": [],
                    "service": "https://www.googleapis.com/compute/v1/projects/molten-avenue-460900-a0/global/backendServices/core-medical-backend",
                    "url_redirect": []
                  },
                  {
                    "paths": [
                      "/api/examenes/*",
                      "/api/exams/*"
                    ],
                    "route_action": [],
                    "service": "https://www.googleapis.com/compute/v1/projects/molten-avenue-460900-a0/global/backendServices/exams-backend",
                    "url_redirect": []
                  },
                  {
                    "paths": [
                      "/api/diagnosis/*",
                      "/api/diagnostics/*",
                      "/api/treatments/*"
                    ],
                    "route_action": [],
                    "service": "https://www.googleapis.com/compute/v1/projects/molten-avenue-460900-a0/global/backendServices/diagnosis-backend",
                    "url_redirect": []
                  },
                  {
                    "paths": [
                      "/api/cirugias/*",
                      "/api/surgeries/*"
                    ],
                    "route_action": [],
                    "service": "https://www.googleapis.com/compute/v1/projects/molten-avenue-460900-a0/global/backendServices/surgery-backend",
                    "url_redirect": []
                  }
                ],
                "route_rules": []
              }
            ],
            "project": "molten-avenue-460900-a0",
            "self_link": "https://www.googleapis.com/compute/v1/projects/molten-avenue-460900-a0/global/urlMaps/medical-api-gateway",
            "test": [],
            "timeouts": null
          },
          "sensitive_attributes": [],
          "identity_schema_version": 0,
          "private": "eyJlMmJmYjczMC1lY2FhLTExZTYtOGY4OC0zNDM2M2JjN2M0YzAiOnsiY3JlYXRlIjoxMjAwMDAwMDAwMDAwLCJkZWxldGUiOjEyMDAwMDAwMDAwMDAsInVwZGF0ZSI6MTIwMDAwMDAwMDAwMH0sInNjaGVtYV92ZXJzaW9uIjoiMCJ9"
        }
      ]
    }
  ],
  "check_results": null
}
